<?xml version="1.0" encoding="utf-8"?>
<Project ToolsVersion="4.0" xmlns="http://schemas.microsoft.com/developer/msbuild/2003">
  <ItemGroup>
    <Filter Include="Source Files">
      <UniqueIdentifier>{d638eaa8-184e-4107-8232-579ceab4b285}</UniqueIdentifier>
      <Extensions>cpp;c;cxx;rc;def;r;odl;idl;hpj;bat</Extensions>
    </Filter>
    <Filter Include="Header Files">
      <UniqueIdentifier>{33d0fe21-9dd6-486d-824a-255a1383eeed}</UniqueIdentifier>
      <Extensions>h;hpp;hxx;hm;inl</Extensions>
    </Filter>
    <Filter Include="Resource Files">
      <UniqueIdentifier>{e1d4b4bc-199a-424d-b32c-a1bef4259ef7}</UniqueIdentifier>
      <Extensions>ico;cur;bmp;dlg;rc2;rct;bin;rgs;gif;jpg;jpeg;jpe</Extensions>
    </Filter>
  </ItemGroup>
  <ItemGroup>
    <ClCompile Include="CSVrw.cpp">
      <Filter>Source Files</Filter>
    </ClCompile>
    <ClCompile Include="MohBSP2MAP_Sys.cpp">
      <Filter>Source Files</Filter>
    </ClCompile>
    <ClCompile Include="MohBSPToMohMAP.cpp">
      <Filter>Source Files</Filter>
    </ClCompile>
    <ClCompile Include="MohBSPToMohMAPDlg.cpp">
      <Filter>Source Files</Filter>
    </ClCompile>
    <ClCompile Include="OSP.cpp">
      <Filter>Source Files</Filter>
    </ClCompile>
    <ClCompile Include="SizeVuff.cpp">
      <Filter>Source Files</Filter>
    </ClCompile>
    <ClCompile Include="SplitStr.cpp">
      <Filter>Source Files</Filter>
    </ClCompile>
    <ClCompile Include="StdAfx.cpp">
      <Filter>Source Files</Filter>
    </ClCompile>
    <ClCompile Include="Str2Clipbrd.cpp">
      <Filter>Source Files</Filter>
    </ClCompile>
    <ClCompile Include="Texc.cpp">
      <Filter>Source Files</Filter>
    </ClCompile>
  </ItemGroup>
  <ItemGroup>
    <ResourceCompile Include="MohBSPToMohMAP.rc">
      <Filter>Source Files</Filter>
    </ResourceCompile>
  </ItemGroup>
  <ItemGroup>
    <ClInclude Include="CSVrw.h">
      <Filter>Header Files</Filter>
    </ClInclude>
    <ClInclude Include="MohBSP2MAP.h">
      <Filter>Header Files</Filter>
    </ClInclude>
    <ClInclude Include="MohBSPToMohMAP.h">
      <Filter>Header Files</Filter>
    </ClInclude>
    <ClInclude Include="MohBSPToMohMAPDlg.h">
      <Filter>Header Files</Filter>
    </ClInclude>
    <ClInclude Include="Observer.h">
      <Filter>Header Files</Filter>
    </ClInclude>
    <ClInclude Include="OSP.h">
      <Filter>Header Files</Filter>
    </ClInclude>
    <ClInclude Include="Resource.h">
      <Filter>Header Files</Filter>
    </ClInclude>
    <ClInclude Include="SizeVuff.h">
      <Filter>Header Files</Filter>
    </ClInclude>
    <ClInclude Include="SplitStr.h">
      <Filter>Header Files</Filter>
    </ClInclude>
    <ClInclude Include="StdAfx.h">
      <Filter>Header Files</Filter>
    </ClInclude>
    <ClInclude Include="Str2Clipbrd.h">
      <Filter>Header Files</Filter>
    </ClInclude>
    <ClInclude Include="Texc.h">
      <Filter>Header Files</Filter>
    </ClInclude>
  </ItemGroup>
  <ItemGroup>
    <Image Include="res\EYE.ICO">
      <Filter>Resource Files</Filter>
    </Image>
    <Image Include="res\MohBSPToMohMAP.ico">
      <Filter>Resource Files</Filter>
    </Image>
  </ItemGroup>
  <ItemGroup>
    <CustomBuild Include="res\MohBSPToMohMAP.rc2">
      <Filter>Resource Files</Filter>
    </CustomBuild>
  </ItemGroup>
</Project>